<?xml version="1.0" encoding="utf-8"?>
<Project ToolsVersion="4.0" xmlns="http://schemas.microsoft.com/developer/msbuild/2003">
  <ItemGroup>
    <ClCompile Include="Animation.cpp">
      <Filter>Source Code</Filter>
    </ClCompile>
    <ClCompile Include="Button.cpp">
      <Filter>Source Code</Filter>
    </ClCompile>
    <ClCompile Include="Camera.cpp">
      <Filter>Source Code</Filter>
    </ClCompile>
    <ClCompile Include="Coin.cpp">
      <Filter>Source Code</Filter>
    </ClCompile>
    <ClCompile Include="Collision.cpp">
      <Filter>Source Code</Filter>
    </ClCompile>
    <ClCompile Include="Entity.cpp">
      <Filter>Source Code</Filter>
    </ClCompile>
    <ClCompile Include="Game.cpp">
      <Filter>Source Code</Filter>
    </ClCompile>
    <ClCompile Include="main.cpp">
      <Filter>Source Code</Filter>
    </ClCompile>
    <ClCompile Include="LuckyBlock.cpp">
      <Filter>Source Code</Filter>
    </ClCompile>
    <ClCompile Include="Map.cpp">
      <Filter>Source Code</Filter>
    </ClCompile>
    <ClCompile Include="Object.cpp">
      <Filter>Source Code</Filter>
    </ClCompile>
    <ClCompile Include="Play.cpp">
      <Filter>Source Code</Filter>
    </ClCompile>
    <ClCompile Include="Player.cpp">
      <Filter>Source Code</Filter>
    </ClCompile>
    <ClCompile Include="PowerUp.cpp">
      <Filter>Source Code</Filter>
    </ClCompile>
    <ClCompile Include="Resources.cpp">
      <Filter>Source Code</Filter>
    </ClCompile>
    <ClCompile Include="SelectLevel.cpp">
      <Filter>Source Code</Filter>
    </ClCompile>
    <ClCompile Include="Tile.cpp">
      <Filter>Source Code</Filter>
    </ClCompile>
    <ClCompile Include="UserInterface.cpp">
      <Filter>Source Code</Filter>
    </ClCompile>
    <ClCompile Include="Welcome.cpp">
      <Filter>Source Code</Filter>
    </ClCompile>
    <ClCompile Include="Login.cpp">
      <Filter>Source Code</Filter>
    </ClCompile>
    <ClCompile Include="Text.cpp">
      <Filter>Source Code</Filter>
    </ClCompile>
  </ItemGroup>
  <ItemGroup>
    <ClInclude Include="Animation.h">
      <Filter>Header</Filter>
    </ClInclude>
    <ClInclude Include="Button.h">
      <Filter>Header</Filter>
    </ClInclude>
    <ClInclude Include="Camera.h">
      <Filter>Header</Filter>
    </ClInclude>
    <ClInclude Include="Coin.h">
      <Filter>Header</Filter>
    </ClInclude>
    <ClInclude Include="Collision.h">
      <Filter>Header</Filter>
    </ClInclude>
    <ClInclude Include="Entity.h">
      <Filter>Header</Filter>
    </ClInclude>
    <ClInclude Include="Game.h">
      <Filter>Header</Filter>
    </ClInclude>
    <ClInclude Include="Global.h">
      <Filter>Header</Filter>
    </ClInclude>
    <ClInclude Include="LuckyBlock.h">
      <Filter>Header</Filter>
    </ClInclude>
    <ClInclude Include="Map.h">
      <Filter>Header</Filter>
    </ClInclude>
    <ClInclude Include="Play.h">
      <Filter>Header</Filter>
    </ClInclude>
    <ClInclude Include="Player.h">
      <Filter>Header</Filter>
    </ClInclude>
    <ClInclude Include="PowerUp.h">
      <Filter>Header</Filter>
    </ClInclude>
    <ClInclude Include="Resources.h">
      <Filter>Header</Filter>
    </ClInclude>
    <ClInclude Include="SelectLevel.h">
      <Filter>Header</Filter>
    </ClInclude>
    <ClInclude Include="Tile.h">
      <Filter>Header</Filter>
    </ClInclude>
    <ClInclude Include="UserInterface.h">
      <Filter>Header</Filter>
    </ClInclude>
    <ClInclude Include="Welcome.h">
      <Filter>Header</Filter>
    </ClInclude>
    <ClInclude Include="Object.h">
      <Filter>Header</Filter>
    </ClInclude>
    <ClInclude Include="Login.h">
      <Filter>Header</Filter>
    </ClInclude>
    <ClInclude Include="Text.h">
      <Filter>Header</Filter>
    </ClInclude>
  </ItemGroup>
  <ItemGroup>
    <Filter Include="Header">
      <UniqueIdentifier>{d525b5ff-f0ec-4f77-9d22-5ca2ad2d63a2}</UniqueIdentifier>
    </Filter>
    <Filter Include="Source Code">
      <UniqueIdentifier>{26b4e089-8076-4617-b466-c570667a2e1d}</UniqueIdentifier>
    </Filter>
  </ItemGroup>
</Project>