<?xml version="1.0" encoding="utf-8"?>
<Project ToolsVersion="4.0" xmlns="http://schemas.microsoft.com/developer/msbuild/2003">
  <ItemGroup>
    <ClCompile Include="Animation.cpp" />
    <ClCompile Include="Bullet.cpp" />
    <ClCompile Include="Button.cpp" />
    <ClCompile Include="Camera.cpp" />
    <ClCompile Include="Cloud.cpp" />
    <ClCompile Include="Coin.cpp" />
    <ClCompile Include="Decoration.cpp" />
    <ClCompile Include="Collision.cpp" />
    <ClCompile Include="Entity.cpp" />
    <ClCompile Include="Game.cpp" />
    <ClCompile Include="Global.cpp" />
    <ClCompile Include="LuckyBlock.cpp" />
    <ClCompile Include="main.cpp" />
    <ClCompile Include="Map.cpp" />
    <ClCompile Include="Object.cpp" />
    <ClCompile Include="Play.cpp" />
    <ClCompile Include="Player.cpp" />
    <ClCompile Include="PowerUp.cpp" />
    <ClCompile Include="Resources.cpp" />
    <ClCompile Include="SelectLevel.cpp" />
    <ClCompile Include="Tile.cpp" />
    <ClCompile Include="UserInterface.cpp" />
    <ClCompile Include="Welcome.cpp" />
    <ClCompile Include="Text.cpp" />
    <ClCompile Include="Login.cpp" />
  </ItemGroup>
  <ItemGroup>
    <ClInclude Include="Animation.h" />
    <ClInclude Include="Bullet.h" />
    <ClInclude Include="Button.h" />
    <ClInclude Include="Camera.h" />
    <ClInclude Include="Cloud.h" />
    <ClInclude Include="Coin.h" />
    <ClInclude Include="Decoration.h" />
    <ClInclude Include="Collision.h" />
    <ClInclude Include="Entity.h" />
    <ClInclude Include="Game.h" />
    <ClInclude Include="Global.h" />
    <ClInclude Include="LuckyBlock.h" />
    <ClInclude Include="Map.h" />
    <ClInclude Include="Object.h" />
    <ClInclude Include="Play.h" />
    <ClInclude Include="Player.h" />
    <ClInclude Include="PowerUp.h" />
    <ClInclude Include="Resources.h" />
    <ClInclude Include="SelectLevel.h" />
    <ClInclude Include="Tile.h" />
    <ClInclude Include="UserInterface.h" />
    <ClInclude Include="Welcome.h" />
    <ClInclude Include="Text.h" />
    <ClInclude Include="Login.h" />
  </ItemGroup>
  <ItemGroup>
    <Image Include="Resources\Maps\demo_map.png" />
    <Image Include="Resources\Maps\Level 1.png" />
    <Image Include="Resources\Maps\Level 2.png" />
  </ItemGroup>
</Project>